
Microsoft Visual Studio Solution File, Format Version 12.00
# Visual Studio 15
VisualStudioVersion = 15.0.28307.168
MinimumVisualStudioVersion = 10.0.40219.1
Project("{FAE04EC0-301F-11D3-BF4B-00C04F79EFBC}") = "Ej1Boton.Android", "Ej1Boton\Ej1Boton.Android\Ej1Boton.Android.csproj", "{047A8E4C-B2AB-45CE-87AA-3E91FB7E8B6B}"
EndProject
Project("{FAE04EC0-301F-11D3-BF4B-00C04F79EFBC}") = "Ej1Boton.iOS", "Ej1Boton\Ej1Boton.iOS\Ej1Boton.iOS.csproj", "{479833DC-D699-4EBA-926E-64424F6C1D68}"
EndProject
Project("{FAE04EC0-301F-11D3-BF4B-00C04F79EFBC}") = "Ej1Boton.UWP", "Ej1Boton\Ej1Boton.UWP\Ej1Boton.UWP.csproj", "{5FC6D80C-5DE6-4302-8A47-ED8913B1024C}"
EndProject
Project("{FAE04EC0-301F-11D3-BF4B-00C04F79EFBC}") = "Ej1Boton", "Ej1Boton\Ej1Boton\Ej1Boton.csproj", "{AFEBD0E0-92CF-41C2-B1AF-02055BFA946E}"
EndProject
Global
	GlobalSection(SolutionConfigurationPlatforms) = preSolution
		Ad-Hoc|Any CPU = Ad-Hoc|Any CPU
		Ad-Hoc|ARM = Ad-Hoc|ARM
		Ad-Hoc|iPhone = Ad-Hoc|iPhone
		Ad-Hoc|iPhoneSimulator = Ad-Hoc|iPhoneSimulator
		Ad-Hoc|x64 = Ad-Hoc|x64
		Ad-Hoc|x86 = Ad-Hoc|x86
		AppStore|Any CPU = AppStore|Any CPU
		AppStore|ARM = AppStore|ARM
		AppStore|iPhone = AppStore|iPhone
		AppStore|iPhoneSimulator = AppStore|iPhoneSimulator
		AppStore|x64 = AppStore|x64
		AppStore|x86 = AppStore|x86
		Debug|Any CPU = Debug|Any CPU
		Debug|ARM = Debug|ARM
		Debug|iPhone = Debug|iPhone
		Debug|iPhoneSimulator = Debug|iPhoneSimulator
		Debug|x64 = Debug|x64
		Debug|x86 = Debug|x86
		Release|Any CPU = Release|Any CPU
		Release|ARM = Release|ARM
		Release|iPhone = Release|iPhone
		Release|iPhoneSimulator = Release|iPhoneSimulator
		Release|x64 = Release|x64
		Release|x86 = Release|x86
	EndGlobalSection
	GlobalSection(ProjectConfigurationPlatforms) = postSolution
		{047A8E4C-B2AB-45CE-87AA-3E91FB7E8B6B}.Ad-Hoc|Any CPU.ActiveCfg = Release|Any CPU
		{047A8E4C-B2AB-45CE-87AA-3E91FB7E8B6B}.Ad-Hoc|Any CPU.Build.0 = Release|Any CPU
		{047A8E4C-B2AB-45CE-87AA-3E91FB7E8B6B}.Ad-Hoc|Any CPU.Deploy.0 = Release|Any CPU
		{047A8E4C-B2AB-45CE-87AA-3E91FB7E8B6B}.Ad-Hoc|ARM.ActiveCfg = Release|Any CPU
		{047A8E4C-B2AB-45CE-87AA-3E91FB7E8B6B}.Ad-Hoc|ARM.Build.0 = Release|Any CPU
		{047A8E4C-B2AB-45CE-87AA-3E91FB7E8B6B}.Ad-Hoc|ARM.Deploy.0 = Release|Any CPU
		{047A8E4C-B2AB-45CE-87AA-3E91FB7E8B6B}.Ad-Hoc|iPhone.ActiveCfg = Release|Any CPU
		{047A8E4C-B2AB-45CE-87AA-3E91FB7E8B6B}.Ad-Hoc|iPhone.Build.0 = Release|Any CPU
		{047A8E4C-B2AB-45CE-87AA-3E91FB7E8B6B}.Ad-Hoc|iPhone.Deploy.0 = Release|Any CPU
		{047A8E4C-B2AB-45CE-87AA-3E91FB7E8B6B}.Ad-Hoc|iPhoneSimulator.ActiveCfg = Release|Any CPU
		{047A8E4C-B2AB-45CE-87AA-3E91FB7E8B6B}.Ad-Hoc|iPhoneSimulator.Build.0 = Release|Any CPU
		{047A8E4C-B2AB-45CE-87AA-3E91FB7E8B6B}.Ad-Hoc|iPhoneSimulator.Deploy.0 = Release|Any CPU
		{047A8E4C-B2AB-45CE-87AA-3E91FB7E8B6B}.Ad-Hoc|x64.ActiveCfg = Release|Any CPU
		{047A8E4C-B2AB-45CE-87AA-3E91FB7E8B6B}.Ad-Hoc|x64.Build.0 = Release|Any CPU
		{047A8E4C-B2AB-45CE-87AA-3E91FB7E8B6B}.Ad-Hoc|x64.Deploy.0 = Release|Any CPU
		{047A8E4C-B2AB-45CE-87AA-3E91FB7E8B6B}.Ad-Hoc|x86.ActiveCfg = Release|Any CPU
		{047A8E4C-B2AB-45CE-87AA-3E91FB7E8B6B}.Ad-Hoc|x86.Build.0 = Release|Any CPU
		{047A8E4C-B2AB-45CE-87AA-3E91FB7E8B6B}.Ad-Hoc|x86.Deploy.0 = Release|Any CPU
		{047A8E4C-B2AB-45CE-87AA-3E91FB7E8B6B}.AppStore|Any CPU.ActiveCfg = Release|Any CPU
		{047A8E4C-B2AB-45CE-87AA-3E91FB7E8B6B}.AppStore|Any CPU.Build.0 = Release|Any CPU
		{047A8E4C-B2AB-45CE-87AA-3E91FB7E8B6B}.AppStore|Any CPU.Deploy.0 = Release|Any CPU
		{047A8E4C-B2AB-45CE-87AA-3E91FB7E8B6B}.AppStore|ARM.ActiveCfg = Release|Any CPU
		{047A8E4C-B2AB-45CE-87AA-3E91FB7E8B6B}.AppStore|ARM.Build.0 = Release|Any CPU
		{047A8E4C-B2AB-45CE-87AA-3E91FB7E8B6B}.AppStore|ARM.Deploy.0 = Release|Any CPU
		{047A8E4C-B2AB-45CE-87AA-3E91FB7E8B6B}.AppStore|iPhone.ActiveCfg = Release|Any CPU
		{047A8E4C-B2AB-45CE-87AA-3E91FB7E8B6B}.AppStore|iPhone.Build.0 = Release|Any CPU
		{047A8E4C-B2AB-45CE-87AA-3E91FB7E8B6B}.AppStore|iPhone.Deploy.0 = Release|Any CPU
		{047A8E4C-B2AB-45CE-87AA-3E91FB7E8B6B}.AppStore|iPhoneSimulator.ActiveCfg = Release|Any CPU
		{047A8E4C-B2AB-45CE-87AA-3E91FB7E8B6B}.AppStore|iPhoneSimulator.Build.0 = Release|Any CPU
		{047A8E4C-B2AB-45CE-87AA-3E91FB7E8B6B}.AppStore|iPhoneSimulator.Deploy.0 = Release|Any CPU
		{047A8E4C-B2AB-45CE-87AA-3E91FB7E8B6B}.AppStore|x64.ActiveCfg = Release|Any CPU
		{047A8E4C-B2AB-45CE-87AA-3E91FB7E8B6B}.AppStore|x64.Build.0 = Release|Any CPU
		{047A8E4C-B2AB-45CE-87AA-3E91FB7E8B6B}.AppStore|x64.Deploy.0 = Release|Any CPU
		{047A8E4C-B2AB-45CE-87AA-3E91FB7E8B6B}.AppStore|x86.ActiveCfg = Release|Any CPU
		{047A8E4C-B2AB-45CE-87AA-3E91FB7E8B6B}.AppStore|x86.Build.0 = Release|Any CPU
		{047A8E4C-B2AB-45CE-87AA-3E91FB7E8B6B}.AppStore|x86.Deploy.0 = Release|Any CPU
		{047A8E4C-B2AB-45CE-87AA-3E91FB7E8B6B}.Debug|Any CPU.ActiveCfg = Debug|Any CPU
		{047A8E4C-B2AB-45CE-87AA-3E91FB7E8B6B}.Debug|Any CPU.Build.0 = Debug|Any CPU
		{047A8E4C-B2AB-45CE-87AA-3E91FB7E8B6B}.Debug|Any CPU.Deploy.0 = Debug|Any CPU
		{047A8E4C-B2AB-45CE-87AA-3E91FB7E8B6B}.Debug|ARM.ActiveCfg = Debug|Any CPU
		{047A8E4C-B2AB-45CE-87AA-3E91FB7E8B6B}.Debug|ARM.Build.0 = Debug|Any CPU
		{047A8E4C-B2AB-45CE-87AA-3E91FB7E8B6B}.Debug|ARM.Deploy.0 = Debug|Any CPU
		{047A8E4C-B2AB-45CE-87AA-3E91FB7E8B6B}.Debug|iPhone.ActiveCfg = Debug|Any CPU
		{047A8E4C-B2AB-45CE-87AA-3E91FB7E8B6B}.Debug|iPhone.Build.0 = Debug|Any CPU
		{047A8E4C-B2AB-45CE-87AA-3E91FB7E8B6B}.Debug|iPhone.Deploy.0 = Debug|Any CPU
		{047A8E4C-B2AB-45CE-87AA-3E91FB7E8B6B}.Debug|iPhoneSimulator.ActiveCfg = Debug|Any CPU
		{047A8E4C-B2AB-45CE-87AA-3E91FB7E8B6B}.Debug|iPhoneSimulator.Build.0 = Debug|Any CPU
		{047A8E4C-B2AB-45CE-87AA-3E91FB7E8B6B}.Debug|iPhoneSimulator.Deploy.0 = Debug|Any CPU
		{047A8E4C-B2AB-45CE-87AA-3E91FB7E8B6B}.Debug|x64.ActiveCfg = Debug|Any CPU
		{047A8E4C-B2AB-45CE-87AA-3E91FB7E8B6B}.Debug|x64.Build.0 = Debug|Any CPU
		{047A8E4C-B2AB-45CE-87AA-3E91FB7E8B6B}.Debug|x64.Deploy.0 = Debug|Any CPU
		{047A8E4C-B2AB-45CE-87AA-3E91FB7E8B6B}.Debug|x86.ActiveCfg = Debug|Any CPU
		{047A8E4C-B2AB-45CE-87AA-3E91FB7E8B6B}.Debug|x86.Build.0 = Debug|Any CPU
		{047A8E4C-B2AB-45CE-87AA-3E91FB7E8B6B}.Debug|x86.Deploy.0 = Debug|Any CPU
		{047A8E4C-B2AB-45CE-87AA-3E91FB7E8B6B}.Release|Any CPU.ActiveCfg = Release|Any CPU
		{047A8E4C-B2AB-45CE-87AA-3E91FB7E8B6B}.Release|Any CPU.Build.0 = Release|Any CPU
		{047A8E4C-B2AB-45CE-87AA-3E91FB7E8B6B}.Release|Any CPU.Deploy.0 = Release|Any CPU
		{047A8E4C-B2AB-45CE-87AA-3E91FB7E8B6B}.Release|ARM.ActiveCfg = Release|Any CPU
		{047A8E4C-B2AB-45CE-87AA-3E91FB7E8B6B}.Release|ARM.Build.0 = Release|Any CPU
		{047A8E4C-B2AB-45CE-87AA-3E91FB7E8B6B}.Release|ARM.Deploy.0 = Release|Any CPU
		{047A8E4C-B2AB-45CE-87AA-3E91FB7E8B6B}.Release|iPhone.ActiveCfg = Release|Any CPU
		{047A8E4C-B2AB-45CE-87AA-3E91FB7E8B6B}.Release|iPhone.Build.0 = Release|Any CPU
		{047A8E4C-B2AB-45CE-87AA-3E91FB7E8B6B}.Release|iPhone.Deploy.0 = Release|Any CPU
		{047A8E4C-B2AB-45CE-87AA-3E91FB7E8B6B}.Release|iPhoneSimulator.ActiveCfg = Release|Any CPU
		{047A8E4C-B2AB-45CE-87AA-3E91FB7E8B6B}.Release|iPhoneSimulator.Build.0 = Release|Any CPU
		{047A8E4C-B2AB-45CE-87AA-3E91FB7E8B6B}.Release|iPhoneSimulator.Deploy.0 = Release|Any CPU
		{047A8E4C-B2AB-45CE-87AA-3E91FB7E8B6B}.Release|x64.ActiveCfg = Release|Any CPU
		{047A8E4C-B2AB-45CE-87AA-3E91FB7E8B6B}.Release|x64.Build.0 = Release|Any CPU
		{047A8E4C-B2AB-45CE-87AA-3E91FB7E8B6B}.Release|x64.Deploy.0 = Release|Any CPU
		{047A8E4C-B2AB-45CE-87AA-3E91FB7E8B6B}.Release|x86.ActiveCfg = Release|Any CPU
		{047A8E4C-B2AB-45CE-87AA-3E91FB7E8B6B}.Release|x86.Build.0 = Release|Any CPU
		{047A8E4C-B2AB-45CE-87AA-3E91FB7E8B6B}.Release|x86.Deploy.0 = Release|Any CPU
		{479833DC-D699-4EBA-926E-64424F6C1D68}.Ad-Hoc|Any CPU.ActiveCfg = Ad-Hoc|iPhone
		{479833DC-D699-4EBA-926E-64424F6C1D68}.Ad-Hoc|Any CPU.Build.0 = Ad-Hoc|iPhone
		{479833DC-D699-4EBA-926E-64424F6C1D68}.Ad-Hoc|Any CPU.Deploy.0 = Ad-Hoc|iPhone
		{479833DC-D699-4EBA-926E-64424F6C1D68}.Ad-Hoc|ARM.ActiveCfg = Ad-Hoc|iPhone
		{479833DC-D699-4EBA-926E-64424F6C1D68}.Ad-Hoc|ARM.Build.0 = Ad-Hoc|iPhone
		{479833DC-D699-4EBA-926E-64424F6C1D68}.Ad-Hoc|ARM.Deploy.0 = Ad-Hoc|iPhone
		{479833DC-D699-4EBA-926E-64424F6C1D68}.Ad-Hoc|iPhone.ActiveCfg = Ad-Hoc|iPhone
		{479833DC-D699-4EBA-926E-64424F6C1D68}.Ad-Hoc|iPhone.Build.0 = Ad-Hoc|iPhone
		{479833DC-D699-4EBA-926E-64424F6C1D68}.Ad-Hoc|iPhone.Deploy.0 = Ad-Hoc|iPhone
		{479833DC-D699-4EBA-926E-64424F6C1D68}.Ad-Hoc|iPhoneSimulator.ActiveCfg = Ad-Hoc|iPhoneSimulator
		{479833DC-D699-4EBA-926E-64424F6C1D68}.Ad-Hoc|iPhoneSimulator.Build.0 = Ad-Hoc|iPhoneSimulator
		{479833DC-D699-4EBA-926E-64424F6C1D68}.Ad-Hoc|iPhoneSimulator.Deploy.0 = Ad-Hoc|iPhoneSimulator
		{479833DC-D699-4EBA-926E-64424F6C1D68}.Ad-Hoc|x64.ActiveCfg = Ad-Hoc|iPhone
		{479833DC-D699-4EBA-926E-64424F6C1D68}.Ad-Hoc|x64.Build.0 = Ad-Hoc|iPhone
		{479833DC-D699-4EBA-926E-64424F6C1D68}.Ad-Hoc|x64.Deploy.0 = Ad-Hoc|iPhone
		{479833DC-D699-4EBA-926E-64424F6C1D68}.Ad-Hoc|x86.ActiveCfg = Ad-Hoc|iPhone
		{479833DC-D699-4EBA-926E-64424F6C1D68}.Ad-Hoc|x86.Build.0 = Ad-Hoc|iPhone
		{479833DC-D699-4EBA-926E-64424F6C1D68}.Ad-Hoc|x86.Deploy.0 = Ad-Hoc|iPhone
		{479833DC-D699-4EBA-926E-64424F6C1D68}.AppStore|Any CPU.ActiveCfg = AppStore|iPhone
		{479833DC-D699-4EBA-926E-64424F6C1D68}.AppStore|Any CPU.Build.0 = AppStore|iPhone
		{479833DC-D699-4EBA-926E-64424F6C1D68}.AppStore|Any CPU.Deploy.0 = AppStore|iPhone
		{479833DC-D699-4EBA-926E-64424F6C1D68}.AppStore|ARM.ActiveCfg = AppStore|iPhone
		{479833DC-D699-4EBA-926E-64424F6C1D68}.AppStore|ARM.Build.0 = AppStore|iPhone
		{479833DC-D699-4EBA-926E-64424F6C1D68}.AppStore|ARM.Deploy.0 = AppStore|iPhone
		{479833DC-D699-4EBA-926E-64424F6C1D68}.AppStore|iPhone.ActiveCfg = AppStore|iPhone
		{479833DC-D699-4EBA-926E-64424F6C1D68}.AppStore|iPhone.Build.0 = AppStore|iPhone
		{479833DC-D699-4EBA-926E-64424F6C1D68}.AppStore|iPhone.Deploy.0 = AppStore|iPhone
		{479833DC-D699-4EBA-926E-64424F6C1D68}.AppStore|iPhoneSimulator.ActiveCfg = AppStore|iPhoneSimulator
		{479833DC-D699-4EBA-926E-64424F6C1D68}.AppStore|iPhoneSimulator.Build.0 = AppStore|iPhoneSimulator
		{479833DC-D699-4EBA-926E-64424F6C1D68}.AppStore|iPhoneSimulator.Deploy.0 = AppStore|iPhoneSimulator
		{479833DC-D699-4EBA-926E-64424F6C1D68}.AppStore|x64.ActiveCfg = AppStore|iPhone
		{479833DC-D699-4EBA-926E-64424F6C1D68}.AppStore|x64.Build.0 = AppStore|iPhone
		{479833DC-D699-4EBA-926E-64424F6C1D68}.AppStore|x64.Deploy.0 = AppStore|iPhone
		{479833DC-D699-4EBA-926E-64424F6C1D68}.AppStore|x86.ActiveCfg = AppStore|iPhone
		{479833DC-D699-4EBA-926E-64424F6C1D68}.AppStore|x86.Build.0 = AppStore|iPhone
		{479833DC-D699-4EBA-926E-64424F6C1D68}.AppStore|x86.Deploy.0 = AppStore|iPhone
		{479833DC-D699-4EBA-926E-64424F6C1D68}.Debug|Any CPU.ActiveCfg = Debug|iPhoneSimulator
		{479833DC-D699-4EBA-926E-64424F6C1D68}.Debug|Any CPU.Build.0 = Debug|iPhoneSimulator
		{479833DC-D699-4EBA-926E-64424F6C1D68}.Debug|Any CPU.Deploy.0 = Debug|iPhoneSimulator
		{479833DC-D699-4EBA-926E-64424F6C1D68}.Debug|ARM.ActiveCfg = Debug|iPhone
		{479833DC-D699-4EBA-926E-64424F6C1D68}.Debug|ARM.Build.0 = Debug|iPhone
		{479833DC-D699-4EBA-926E-64424F6C1D68}.Debug|ARM.Deploy.0 = Debug|iPhone
		{479833DC-D699-4EBA-926E-64424F6C1D68}.Debug|iPhone.ActiveCfg = Debug|iPhone
		{479833DC-D699-4EBA-926E-64424F6C1D68}.Debug|iPhone.Build.0 = Debug|iPhone
		{479833DC-D699-4EBA-926E-64424F6C1D68}.Debug|iPhone.Deploy.0 = Debug|iPhone
		{479833DC-D699-4EBA-926E-64424F6C1D68}.Debug|iPhoneSimulator.ActiveCfg = Debug|iPhoneSimulator
		{479833DC-D699-4EBA-926E-64424F6C1D68}.Debug|iPhoneSimulator.Build.0 = Debug|iPhoneSimulator
		{479833DC-D699-4EBA-926E-64424F6C1D68}.Debug|iPhoneSimulator.Deploy.0 = Debug|iPhoneSimulator
		{479833DC-D699-4EBA-926E-64424F6C1D68}.Debug|x64.ActiveCfg = Debug|iPhone
		{479833DC-D699-4EBA-926E-64424F6C1D68}.Debug|x64.Build.0 = Debug|iPhone
		{479833DC-D699-4EBA-926E-64424F6C1D68}.Debug|x64.Deploy.0 = Debug|iPhone
		{479833DC-D699-4EBA-926E-64424F6C1D68}.Debug|x86.ActiveCfg = Debug|iPhone
		{479833DC-D699-4EBA-926E-64424F6C1D68}.Debug|x86.Build.0 = Debug|iPhone
		{479833DC-D699-4EBA-926E-64424F6C1D68}.Debug|x86.Deploy.0 = Debug|iPhone
		{479833DC-D699-4EBA-926E-64424F6C1D68}.Release|Any CPU.ActiveCfg = Release|iPhone
		{479833DC-D699-4EBA-926E-64424F6C1D68}.Release|Any CPU.Build.0 = Release|iPhone
		{479833DC-D699-4EBA-926E-64424F6C1D68}.Release|Any CPU.Deploy.0 = Release|iPhone
		{479833DC-D699-4EBA-926E-64424F6C1D68}.Release|ARM.ActiveCfg = Release|iPhone
		{479833DC-D699-4EBA-926E-64424F6C1D68}.Release|ARM.Build.0 = Release|iPhone
		{479833DC-D699-4EBA-926E-64424F6C1D68}.Release|ARM.Deploy.0 = Release|iPhone
		{479833DC-D699-4EBA-926E-64424F6C1D68}.Release|iPhone.ActiveCfg = Release|iPhone
		{479833DC-D699-4EBA-926E-64424F6C1D68}.Release|iPhone.Build.0 = Release|iPhone
		{479833DC-D699-4EBA-926E-64424F6C1D68}.Release|iPhone.Deploy.0 = Release|iPhone
		{479833DC-D699-4EBA-926E-64424F6C1D68}.Release|iPhoneSimulator.ActiveCfg = Release|iPhoneSimulator
		{479833DC-D699-4EBA-926E-64424F6C1D68}.Release|iPhoneSimulator.Build.0 = Release|iPhoneSimulator
		{479833DC-D699-4EBA-926E-64424F6C1D68}.Release|iPhoneSimulator.Deploy.0 = Release|iPhoneSimulator
		{479833DC-D699-4EBA-926E-64424F6C1D68}.Release|x64.ActiveCfg = Release|iPhone
		{479833DC-D699-4EBA-926E-64424F6C1D68}.Release|x64.Build.0 = Release|iPhone
		{479833DC-D699-4EBA-926E-64424F6C1D68}.Release|x64.Deploy.0 = Release|iPhone
		{479833DC-D699-4EBA-926E-64424F6C1D68}.Release|x86.ActiveCfg = Release|iPhone
		{479833DC-D699-4EBA-926E-64424F6C1D68}.Release|x86.Build.0 = Release|iPhone
		{479833DC-D699-4EBA-926E-64424F6C1D68}.Release|x86.Deploy.0 = Release|iPhone
		{5FC6D80C-5DE6-4302-8A47-ED8913B1024C}.Ad-Hoc|Any CPU.ActiveCfg = Release|x86
		{5FC6D80C-5DE6-4302-8A47-ED8913B1024C}.Ad-Hoc|Any CPU.Build.0 = Release|x86
		{5FC6D80C-5DE6-4302-8A47-ED8913B1024C}.Ad-Hoc|Any CPU.Deploy.0 = Release|x86
		{5FC6D80C-5DE6-4302-8A47-ED8913B1024C}.Ad-Hoc|ARM.ActiveCfg = Release|ARM
		{5FC6D80C-5DE6-4302-8A47-ED8913B1024C}.Ad-Hoc|ARM.Build.0 = Release|ARM
		{5FC6D80C-5DE6-4302-8A47-ED8913B1024C}.Ad-Hoc|ARM.Deploy.0 = Release|ARM
		{5FC6D80C-5DE6-4302-8A47-ED8913B1024C}.Ad-Hoc|iPhone.ActiveCfg = Release|x86
		{5FC6D80C-5DE6-4302-8A47-ED8913B1024C}.Ad-Hoc|iPhone.Build.0 = Release|x86
		{5FC6D80C-5DE6-4302-8A47-ED8913B1024C}.Ad-Hoc|iPhone.Deploy.0 = Release|x86
		{5FC6D80C-5DE6-4302-8A47-ED8913B1024C}.Ad-Hoc|iPhoneSimulator.ActiveCfg = Release|x86
		{5FC6D80C-5DE6-4302-8A47-ED8913B1024C}.Ad-Hoc|iPhoneSimulator.Build.0 = Release|x86
		{5FC6D80C-5DE6-4302-8A47-ED8913B1024C}.Ad-Hoc|iPhoneSimulator.Deploy.0 = Release|x86
		{5FC6D80C-5DE6-4302-8A47-ED8913B1024C}.Ad-Hoc|x64.ActiveCfg = Release|x64
		{5FC6D80C-5DE6-4302-8A47-ED8913B1024C}.Ad-Hoc|x64.Build.0 = Release|x64
		{5FC6D80C-5DE6-4302-8A47-ED8913B1024C}.Ad-Hoc|x64.Deploy.0 = Release|x64
		{5FC6D80C-5DE6-4302-8A47-ED8913B1024C}.Ad-Hoc|x86.ActiveCfg = Release|x86
		{5FC6D80C-5DE6-4302-8A47-ED8913B1024C}.Ad-Hoc|x86.Build.0 = Release|x86
		{5FC6D80C-5DE6-4302-8A47-ED8913B1024C}.Ad-Hoc|x86.Deploy.0 = Release|x86
		{5FC6D80C-5DE6-4302-8A47-ED8913B1024C}.AppStore|Any CPU.ActiveCfg = Release|x86
		{5FC6D80C-5DE6-4302-8A47-ED8913B1024C}.AppStore|Any CPU.Build.0 = Release|x86
		{5FC6D80C-5DE6-4302-8A47-ED8913B1024C}.AppStore|Any CPU.Deploy.0 = Release|x86
		{5FC6D80C-5DE6-4302-8A47-ED8913B1024C}.AppStore|ARM.ActiveCfg = Release|ARM
		{5FC6D80C-5DE6-4302-8A47-ED8913B1024C}.AppStore|ARM.Build.0 = Release|ARM
		{5FC6D80C-5DE6-4302-8A47-ED8913B1024C}.AppStore|ARM.Deploy.0 = Release|ARM
		{5FC6D80C-5DE6-4302-8A47-ED8913B1024C}.AppStore|iPhone.ActiveCfg = Release|x86
		{5FC6D80C-5DE6-4302-8A47-ED8913B1024C}.AppStore|iPhone.Build.0 = Release|x86
		{5FC6D80C-5DE6-4302-8A47-ED8913B1024C}.AppStore|iPhone.Deploy.0 = Release|x86
		{5FC6D80C-5DE6-4302-8A47-ED8913B1024C}.AppStore|iPhoneSimulator.ActiveCfg = Release|x86
		{5FC6D80C-5DE6-4302-8A47-ED8913B1024C}.AppStore|iPhoneSimulator.Build.0 = Release|x86
		{5FC6D80C-5DE6-4302-8A47-ED8913B1024C}.AppStore|iPhoneSimulator.Deploy.0 = Release|x86
		{5FC6D80C-5DE6-4302-8A47-ED8913B1024C}.AppStore|x64.ActiveCfg = Release|x64
		{5FC6D80C-5DE6-4302-8A47-ED8913B1024C}.AppStore|x64.Build.0 = Release|x64
		{5FC6D80C-5DE6-4302-8A47-ED8913B1024C}.AppStore|x64.Deploy.0 = Release|x64
		{5FC6D80C-5DE6-4302-8A47-ED8913B1024C}.AppStore|x86.ActiveCfg = Release|x86
		{5FC6D80C-5DE6-4302-8A47-ED8913B1024C}.AppStore|x86.Build.0 = Release|x86
		{5FC6D80C-5DE6-4302-8A47-ED8913B1024C}.AppStore|x86.Deploy.0 = Release|x86
		{5FC6D80C-5DE6-4302-8A47-ED8913B1024C}.Debug|Any CPU.ActiveCfg = Debug|x86
		{5FC6D80C-5DE6-4302-8A47-ED8913B1024C}.Debug|Any CPU.Build.0 = Debug|x86
		{5FC6D80C-5DE6-4302-8A47-ED8913B1024C}.Debug|Any CPU.Deploy.0 = Debug|x86
		{5FC6D80C-5DE6-4302-8A47-ED8913B1024C}.Debug|ARM.ActiveCfg = Debug|ARM
		{5FC6D80C-5DE6-4302-8A47-ED8913B1024C}.Debug|ARM.Build.0 = Debug|ARM
		{5FC6D80C-5DE6-4302-8A47-ED8913B1024C}.Debug|ARM.Deploy.0 = Debug|ARM
		{5FC6D80C-5DE6-4302-8A47-ED8913B1024C}.Debug|iPhone.ActiveCfg = Debug|x86
		{5FC6D80C-5DE6-4302-8A47-ED8913B1024C}.Debug|iPhone.Build.0 = Debug|x86
		{5FC6D80C-5DE6-4302-8A47-ED8913B1024C}.Debug|iPhone.Deploy.0 = Debug|x86
		{5FC6D80C-5DE6-4302-8A47-ED8913B1024C}.Debug|iPhoneSimulator.ActiveCfg = Debug|x86
		{5FC6D80C-5DE6-4302-8A47-ED8913B1024C}.Debug|iPhoneSimulator.Build.0 = Debug|x86
		{5FC6D80C-5DE6-4302-8A47-ED8913B1024C}.Debug|iPhoneSimulator.Deploy.0 = Debug|x86
		{5FC6D80C-5DE6-4302-8A47-ED8913B1024C}.Debug|x64.ActiveCfg = Debug|x64
		{5FC6D80C-5DE6-4302-8A47-ED8913B1024C}.Debug|x64.Build.0 = Debug|x64
		{5FC6D80C-5DE6-4302-8A47-ED8913B1024C}.Debug|x64.Deploy.0 = Debug|x64
		{5FC6D80C-5DE6-4302-8A47-ED8913B1024C}.Debug|x86.ActiveCfg = Debug|x86
		{5FC6D80C-5DE6-4302-8A47-ED8913B1024C}.Debug|x86.Build.0 = Debug|x86
		{5FC6D80C-5DE6-4302-8A47-ED8913B1024C}.Debug|x86.Deploy.0 = Debug|x86
		{5FC6D80C-5DE6-4302-8A47-ED8913B1024C}.Release|Any CPU.ActiveCfg = Release|x86
		{5FC6D80C-5DE6-4302-8A47-ED8913B1024C}.Release|Any CPU.Build.0 = Release|x86
		{5FC6D80C-5DE6-4302-8A47-ED8913B1024C}.Release|Any CPU.Deploy.0 = Release|x86
		{5FC6D80C-5DE6-4302-8A47-ED8913B1024C}.Release|ARM.ActiveCfg = Release|ARM
		{5FC6D80C-5DE6-4302-8A47-ED8913B1024C}.Release|ARM.Build.0 = Release|ARM
		{5FC6D80C-5DE6-4302-8A47-ED8913B1024C}.Release|ARM.Deploy.0 = Release|ARM
		{5FC6D80C-5DE6-4302-8A47-ED8913B1024C}.Release|iPhone.ActiveCfg = Release|x86
		{5FC6D80C-5DE6-4302-8A47-ED8913B1024C}.Release|iPhone.Build.0 = Release|x86
		{5FC6D80C-5DE6-4302-8A47-ED8913B1024C}.Release|iPhone.Deploy.0 = Release|x86
		{5FC6D80C-5DE6-4302-8A47-ED8913B1024C}.Release|iPhoneSimulator.ActiveCfg = Release|x86
		{5FC6D80C-5DE6-4302-8A47-ED8913B1024C}.Release|iPhoneSimulator.Build.0 = Release|x86
		{5FC6D80C-5DE6-4302-8A47-ED8913B1024C}.Release|iPhoneSimulator.Deploy.0 = Release|x86
		{5FC6D80C-5DE6-4302-8A47-ED8913B1024C}.Release|x64.ActiveCfg = Release|x64
		{5FC6D80C-5DE6-4302-8A47-ED8913B1024C}.Release|x64.Build.0 = Release|x64
		{5FC6D80C-5DE6-4302-8A47-ED8913B1024C}.Release|x64.Deploy.0 = Release|x64
		{5FC6D80C-5DE6-4302-8A47-ED8913B1024C}.Release|x86.ActiveCfg = Release|x86
		{5FC6D80C-5DE6-4302-8A47-ED8913B1024C}.Release|x86.Build.0 = Release|x86
		{5FC6D80C-5DE6-4302-8A47-ED8913B1024C}.Release|x86.Deploy.0 = Release|x86
		{AFEBD0E0-92CF-41C2-B1AF-02055BFA946E}.Ad-Hoc|Any CPU.ActiveCfg = Debug|Any CPU
		{AFEBD0E0-92CF-41C2-B1AF-02055BFA946E}.Ad-Hoc|Any CPU.Build.0 = Debug|Any CPU
		{AFEBD0E0-92CF-41C2-B1AF-02055BFA946E}.Ad-Hoc|Any CPU.Deploy.0 = Debug|Any CPU
		{AFEBD0E0-92CF-41C2-B1AF-02055BFA946E}.Ad-Hoc|ARM.ActiveCfg = Debug|Any CPU
		{AFEBD0E0-92CF-41C2-B1AF-02055BFA946E}.Ad-Hoc|ARM.Build.0 = Debug|Any CPU
		{AFEBD0E0-92CF-41C2-B1AF-02055BFA946E}.Ad-Hoc|ARM.Deploy.0 = Debug|Any CPU
		{AFEBD0E0-92CF-41C2-B1AF-02055BFA946E}.Ad-Hoc|iPhone.ActiveCfg = Debug|Any CPU
		{AFEBD0E0-92CF-41C2-B1AF-02055BFA946E}.Ad-Hoc|iPhone.Build.0 = Debug|Any CPU
		{AFEBD0E0-92CF-41C2-B1AF-02055BFA946E}.Ad-Hoc|iPhone.Deploy.0 = Debug|Any CPU
		{AFEBD0E0-92CF-41C2-B1AF-02055BFA946E}.Ad-Hoc|iPhoneSimulator.ActiveCfg = Debug|Any CPU
		{AFEBD0E0-92CF-41C2-B1AF-02055BFA946E}.Ad-Hoc|iPhoneSimulator.Build.0 = Debug|Any CPU
		{AFEBD0E0-92CF-41C2-B1AF-02055BFA946E}.Ad-Hoc|iPhoneSimulator.Deploy.0 = Debug|Any CPU
		{AFEBD0E0-92CF-41C2-B1AF-02055BFA946E}.Ad-Hoc|x64.ActiveCfg = Debug|Any CPU
		{AFEBD0E0-92CF-41C2-B1AF-02055BFA946E}.Ad-Hoc|x64.Build.0 = Debug|Any CPU
		{AFEBD0E0-92CF-41C2-B1AF-02055BFA946E}.Ad-Hoc|x64.Deploy.0 = Debug|Any CPU
		{AFEBD0E0-92CF-41C2-B1AF-02055BFA946E}.Ad-Hoc|x86.ActiveCfg = Debug|Any CPU
		{AFEBD0E0-92CF-41C2-B1AF-02055BFA946E}.Ad-Hoc|x86.Build.0 = Debug|Any CPU
		{AFEBD0E0-92CF-41C2-B1AF-02055BFA946E}.Ad-Hoc|x86.Deploy.0 = Debug|Any CPU
		{AFEBD0E0-92CF-41C2-B1AF-02055BFA946E}.AppStore|Any CPU.ActiveCfg = Debug|Any CPU
		{AFEBD0E0-92CF-41C2-B1AF-02055BFA946E}.AppStore|Any CPU.Build.0 = Debug|Any CPU
		{AFEBD0E0-92CF-41C2-B1AF-02055BFA946E}.AppStore|Any CPU.Deploy.0 = Debug|Any CPU
		{AFEBD0E0-92CF-41C2-B1AF-02055BFA946E}.AppStore|ARM.ActiveCfg = Debug|Any CPU
		{AFEBD0E0-92CF-41C2-B1AF-02055BFA946E}.AppStore|ARM.Build.0 = Debug|Any CPU
		{AFEBD0E0-92CF-41C2-B1AF-02055BFA946E}.AppStore|ARM.Deploy.0 = Debug|Any CPU
		{AFEBD0E0-92CF-41C2-B1AF-02055BFA946E}.AppStore|iPhone.ActiveCfg = Debug|Any CPU
		{AFEBD0E0-92CF-41C2-B1AF-02055BFA946E}.AppStore|iPhone.Build.0 = Debug|Any CPU
		{AFEBD0E0-92CF-41C2-B1AF-02055BFA946E}.AppStore|iPhone.Deploy.0 = Debug|Any CPU
		{AFEBD0E0-92CF-41C2-B1AF-02055BFA946E}.AppStore|iPhoneSimulator.ActiveCfg = Debug|Any CPU
		{AFEBD0E0-92CF-41C2-B1AF-02055BFA946E}.AppStore|iPhoneSimulator.Build.0 = Debug|Any CPU
		{AFEBD0E0-92CF-41C2-B1AF-02055BFA946E}.AppStore|iPhoneSimulator.Deploy.0 = Debug|Any CPU
		{AFEBD0E0-92CF-41C2-B1AF-02055BFA946E}.AppStore|x64.ActiveCfg = Debug|Any CPU
		{AFEBD0E0-92CF-41C2-B1AF-02055BFA946E}.AppStore|x64.Build.0 = Debug|Any CPU
		{AFEBD0E0-92CF-41C2-B1AF-02055BFA946E}.AppStore|x64.Deploy.0 = Debug|Any CPU
		{AFEBD0E0-92CF-41C2-B1AF-02055BFA946E}.AppStore|x86.ActiveCfg = Debug|Any CPU
		{AFEBD0E0-92CF-41C2-B1AF-02055BFA946E}.AppStore|x86.Build.0 = Debug|Any CPU
		{AFEBD0E0-92CF-41C2-B1AF-02055BFA946E}.AppStore|x86.Deploy.0 = Debug|Any CPU
		{AFEBD0E0-92CF-41C2-B1AF-02055BFA946E}.Debug|Any CPU.ActiveCfg = Debug|Any CPU
		{AFEBD0E0-92CF-41C2-B1AF-02055BFA946E}.Debug|Any CPU.Build.0 = Debug|Any CPU
		{AFEBD0E0-92CF-41C2-B1AF-02055BFA946E}.Debug|Any CPU.Deploy.0 = Debug|Any CPU
		{AFEBD0E0-92CF-41C2-B1AF-02055BFA946E}.Debug|ARM.ActiveCfg = Debug|Any CPU
		{AFEBD0E0-92CF-41C2-B1AF-02055BFA946E}.Debug|ARM.Build.0 = Debug|Any CPU
		{AFEBD0E0-92CF-41C2-B1AF-02055BFA946E}.Debug|ARM.Deploy.0 = Debug|Any CPU
		{AFEBD0E0-92CF-41C2-B1AF-02055BFA946E}.Debug|iPhone.ActiveCfg = Debug|Any CPU
		{AFEBD0E0-92CF-41C2-B1AF-02055BFA946E}.Debug|iPhone.Build.0 = Debug|Any CPU
		{AFEBD0E0-92CF-41C2-B1AF-02055BFA946E}.Debug|iPhone.Deploy.0 = Debug|Any CPU
		{AFEBD0E0-92CF-41C2-B1AF-02055BFA946E}.Debug|iPhoneSimulator.ActiveCfg = Debug|Any CPU
		{AFEBD0E0-92CF-41C2-B1AF-02055BFA946E}.Debug|iPhoneSimulator.Build.0 = Debug|Any CPU
		{AFEBD0E0-92CF-41C2-B1AF-02055BFA946E}.Debug|iPhoneSimulator.Deploy.0 = Debug|Any CPU
		{AFEBD0E0-92CF-41C2-B1AF-02055BFA946E}.Debug|x64.ActiveCfg = Debug|Any CPU
		{AFEBD0E0-92CF-41C2-B1AF-02055BFA946E}.Debug|x64.Build.0 = Debug|Any CPU
		{AFEBD0E0-92CF-41C2-B1AF-02055BFA946E}.Debug|x64.Deploy.0 = Debug|Any CPU
		{AFEBD0E0-92CF-41C2-B1AF-02055BFA946E}.Debug|x86.ActiveCfg = Debug|Any CPU
		{AFEBD0E0-92CF-41C2-B1AF-02055BFA946E}.Debug|x86.Build.0 = Debug|Any CPU
		{AFEBD0E0-92CF-41C2-B1AF-02055BFA946E}.Debug|x86.Deploy.0 = Debug|Any CPU
		{AFEBD0E0-92CF-41C2-B1AF-02055BFA946E}.Release|Any CPU.ActiveCfg = Release|Any CPU
		{AFEBD0E0-92CF-41C2-B1AF-02055BFA946E}.Release|Any CPU.Build.0 = Release|Any CPU
		{AFEBD0E0-92CF-41C2-B1AF-02055BFA946E}.Release|Any CPU.Deploy.0 = Release|Any CPU
		{AFEBD0E0-92CF-41C2-B1AF-02055BFA946E}.Release|ARM.ActiveCfg = Release|Any CPU
		{AFEBD0E0-92CF-41C2-B1AF-02055BFA946E}.Release|ARM.Build.0 = Release|Any CPU
		{AFEBD0E0-92CF-41C2-B1AF-02055BFA946E}.Release|ARM.Deploy.0 = Release|Any CPU
		{AFEBD0E0-92CF-41C2-B1AF-02055BFA946E}.Release|iPhone.ActiveCfg = Release|Any CPU
		{AFEBD0E0-92CF-41C2-B1AF-02055BFA946E}.Release|iPhone.Build.0 = Release|Any CPU
		{AFEBD0E0-92CF-41C2-B1AF-02055BFA946E}.Release|iPhone.Deploy.0 = Release|Any CPU
		{AFEBD0E0-92CF-41C2-B1AF-02055BFA946E}.Release|iPhoneSimulator.ActiveCfg = Release|Any CPU
		{AFEBD0E0-92CF-41C2-B1AF-02055BFA946E}.Release|iPhoneSimulator.Build.0 = Release|Any CPU
		{AFEBD0E0-92CF-41C2-B1AF-02055BFA946E}.Release|iPhoneSimulator.Deploy.0 = Release|Any CPU
		{AFEBD0E0-92CF-41C2-B1AF-02055BFA946E}.Release|x64.ActiveCfg = Release|Any CPU
		{AFEBD0E0-92CF-41C2-B1AF-02055BFA946E}.Release|x64.Build.0 = Release|Any CPU
		{AFEBD0E0-92CF-41C2-B1AF-02055BFA946E}.Release|x64.Deploy.0 = Release|Any CPU
		{AFEBD0E0-92CF-41C2-B1AF-02055BFA946E}.Release|x86.ActiveCfg = Release|Any CPU
		{AFEBD0E0-92CF-41C2-B1AF-02055BFA946E}.Release|x86.Build.0 = Release|Any CPU
		{AFEBD0E0-92CF-41C2-B1AF-02055BFA946E}.Release|x86.Deploy.0 = Release|Any CPU
	EndGlobalSection
	GlobalSection(SolutionProperties) = preSolution
		HideSolutionNode = FALSE
	EndGlobalSection
	GlobalSection(ExtensibilityGlobals) = postSolution
		SolutionGuid = {C73C0476-6222-4264-BFC4-80D94162DC9D}
	EndGlobalSection
EndGlobal
